{
  "version": 4,
  "terraform_version": "1.10.3",
  "serial": 1,
  "lineage": "655aa771-db60-b4af-02c3-c4b8a1e69664",
  "outputs": {},
  "resources": [
    {
      "mode": "managed",
      "type": "spotify_playlist",
      "name": "Bollywood",
      "provider": "provider[\"registry.terraform.io/conradludgate/spotify\"]",
      "instances": [
        {
          "schema_version": 0,
          "attributes": {
            "description": null,
            "id": "0l53QfyZFccC9u8AqRQBf2",
            "name": "Bollywood",
            "public": true,
            "snapshot_id": "AAAAAibKI6Tb7Nj5VYhzDyK03ejYXK20",
            "tracks": [
              "0xEUOENXKtOMg0BVr34jur"
            ]
          },
          "sensitive_attributes": [],
          "private": "bnVsbA=="
        }
      ]
    }
  ],
  "check_results": null
}
